{
  "name": "exampro-dsu-3.0-main",
  "lockfileVersion": 3,
  "requires": true,
  "packages": {
    "": {
      "dependencies": {
        "indian-colleges": "^1.1.1"
      }
    },
    "node_modules/indian-colleges": {
      "version": "1.1.1",
      "resolved": "https://registry.npmjs.org/indian-colleges/-/indian-colleges-1.1.1.tgz",
      "integrity": "sha512-sLRaHEt1Qay+lAjOpNYH85cNuv/iYfsBVPvRYkY2CwQtWTMgibAfZmh2oVgOB7p2O1t7JFWfNCbRhL8IM7Y7dQ==",
      "license": "MIT",
      "dependencies": {
        "indian-colleges": "file:"
      }
    },
    "node_modules/indian-colleges/node_modules/indian-colleges": {
      "resolved": "node_modules/indian-colleges",
      "link": true
    }
  }
}
